
Microsoft Visual Studio Solution File, Format Version 12.00
# Visual Studio Version 17
VisualStudioVersion = 17.14.36401.2
MinimumVisualStudioVersion = 10.0.40219.1
Project("{FAE04EC0-301F-11D3-BF4B-00C04F79EFBC}") = "WebApi", "WebApi\WebApi.csproj", "{390E6EC4-63C1-4B57-BA27-6EB6DFBE7790}"
EndProject
Project("{2150E333-8FDC-42A3-9474-1A3956D46DE8}") = "Core", "Core", "{02EA681E-C7D8-13C7-8484-4AC65E1B71E8}"
EndProject
Project("{FAE04EC0-301F-11D3-BF4B-00C04F79EFBC}") = "Core.Library", "Core\BaseLibrary\BaseLibrary\Core\Core.Library\Core.Library.csproj", "{D6457F63-2676-6887-E808-7942A90A6089}"
EndProject
Project("{FAE04EC0-301F-11D3-BF4B-00C04F79EFBC}") = "Application", "Application\Application.csproj", "{B2F1618D-2007-43BE-9E5A-2FEB3C0CC7A6}"
EndProject
Project("{FAE04EC0-301F-11D3-BF4B-00C04F79EFBC}") = "Domain", "Domain\Domain.csproj", "{4081BDE3-4125-4389-A2C5-16CB0583A4BC}"
EndProject
Project("{FAE04EC0-301F-11D3-BF4B-00C04F79EFBC}") = "Infrastructure", "Infrastructure\Infrastructure.csproj", "{146B802B-3438-4229-8750-85441C81F551}"
EndProject
Global
	GlobalSection(SolutionConfigurationPlatforms) = preSolution
		Debug|Any CPU = Debug|Any CPU
		Release|Any CPU = Release|Any CPU
	EndGlobalSection
	GlobalSection(ProjectConfigurationPlatforms) = postSolution
		{390E6EC4-63C1-4B57-BA27-6EB6DFBE7790}.Debug|Any CPU.ActiveCfg = Debug|Any CPU
		{390E6EC4-63C1-4B57-BA27-6EB6DFBE7790}.Debug|Any CPU.Build.0 = Debug|Any CPU
		{390E6EC4-63C1-4B57-BA27-6EB6DFBE7790}.Release|Any CPU.ActiveCfg = Release|Any CPU
		{390E6EC4-63C1-4B57-BA27-6EB6DFBE7790}.Release|Any CPU.Build.0 = Release|Any CPU
		{D6457F63-2676-6887-E808-7942A90A6089}.Debug|Any CPU.ActiveCfg = Debug|Any CPU
		{D6457F63-2676-6887-E808-7942A90A6089}.Debug|Any CPU.Build.0 = Debug|Any CPU
		{D6457F63-2676-6887-E808-7942A90A6089}.Release|Any CPU.ActiveCfg = Release|Any CPU
		{D6457F63-2676-6887-E808-7942A90A6089}.Release|Any CPU.Build.0 = Release|Any CPU
		{B2F1618D-2007-43BE-9E5A-2FEB3C0CC7A6}.Debug|Any CPU.ActiveCfg = Debug|Any CPU
		{B2F1618D-2007-43BE-9E5A-2FEB3C0CC7A6}.Debug|Any CPU.Build.0 = Debug|Any CPU
		{B2F1618D-2007-43BE-9E5A-2FEB3C0CC7A6}.Release|Any CPU.ActiveCfg = Release|Any CPU
		{B2F1618D-2007-43BE-9E5A-2FEB3C0CC7A6}.Release|Any CPU.Build.0 = Release|Any CPU
		{4081BDE3-4125-4389-A2C5-16CB0583A4BC}.Debug|Any CPU.ActiveCfg = Debug|Any CPU
		{4081BDE3-4125-4389-A2C5-16CB0583A4BC}.Debug|Any CPU.Build.0 = Debug|Any CPU
		{4081BDE3-4125-4389-A2C5-16CB0583A4BC}.Release|Any CPU.ActiveCfg = Release|Any CPU
		{4081BDE3-4125-4389-A2C5-16CB0583A4BC}.Release|Any CPU.Build.0 = Release|Any CPU
		{146B802B-3438-4229-8750-85441C81F551}.Debug|Any CPU.ActiveCfg = Debug|Any CPU
		{146B802B-3438-4229-8750-85441C81F551}.Debug|Any CPU.Build.0 = Debug|Any CPU
		{146B802B-3438-4229-8750-85441C81F551}.Release|Any CPU.ActiveCfg = Release|Any CPU
		{146B802B-3438-4229-8750-85441C81F551}.Release|Any CPU.Build.0 = Release|Any CPU
	EndGlobalSection
	GlobalSection(SolutionProperties) = preSolution
		HideSolutionNode = FALSE
	EndGlobalSection
	GlobalSection(NestedProjects) = preSolution
		{D6457F63-2676-6887-E808-7942A90A6089} = {02EA681E-C7D8-13C7-8484-4AC65E1B71E8}
	EndGlobalSection
	GlobalSection(ExtensibilityGlobals) = postSolution
		SolutionGuid = {56DEC1F2-C457-48FD-B74B-DA6D11468F35}
	EndGlobalSection
EndGlobal
